// !$*UTF8*$!
{
	archiveVersion = 1;
	classes = {
	};
	objectVersion = 56;
	objects = {

/* Begin PBXBuildFile section */
		24D4D93529D5A5D100956BED /* AppDelegate.swift in Sources */ = {isa = PBXBuildFile; fileRef = 24D4D93429D5A5D100956BED /* AppDelegate.swift */; };
		24D4D93729D5A5D100956BED /* SceneDelegate.swift in Sources */ = {isa = PBXBuildFile; fileRef = 24D4D93629D5A5D100956BED /* SceneDelegate.swift */; };
		24D4D93929D5A5D100956BED /* ViewController.swift in Sources */ = {isa = PBXBuildFile; fileRef = 24D4D93829D5A5D100956BED /* ViewController.swift */; };
		24D4D93C29D5A5D100956BED /* Main.storyboard in Resources */ = {isa = PBXBuildFile; fileRef = 24D4D93A29D5A5D100956BED /* Main.storyboard */; };
		24D4D93E29D5A5D200956BED /* Assets.xcassets in Resources */ = {isa = PBXBuildFile; fileRef = 24D4D93D29D5A5D200956BED /* Assets.xcassets */; };
		24D4D94129D5A5D200956BED /* LaunchScreen.storyboard in Resources */ = {isa = PBXBuildFile; fileRef = 24D4D93F29D5A5D200956BED /* LaunchScreen.storyboard */; };
		6B7354469A28EEB1365157A0 /* Pods_EmbedInScrollView.framework in Frameworks */ = {isa = PBXBuildFile; fileRef = E4CA6CDE05394EBDD70EA3B4 /* Pods_EmbedInScrollView.framework */; };
/* End PBXBuildFile section */

/* Begin PBXFileReference section */
		24D4D93129D5A5D100956BED /* EmbedInScrollView.app */ = {isa = PBXFileReference; explicitFileType = wrapper.application; includeInIndex = 0; path = EmbedInScrollView.app; sourceTree = BUILT_PRODUCTS_DIR; };
		24D4D93429D5A5D100956BED /* AppDelegate.swift */ = {isa = PBXFileReference; lastKnownFileType = sourcecode.swift; path = AppDelegate.swift; sourceTree = "<group>"; };
		24D4D93629D5A5D100956BED /* SceneDelegate.swift */ = {isa = PBXFileReference; lastKnownFileType = sourcecode.swift; path = SceneDelegate.swift; sourceTree = "<group>"; };
		24D4D93829D5A5D100956BED /* ViewController.swift */ = {isa = PBXFileReference; lastKnownFileType = sourcecode.swift; path = ViewController.swift; sourceTree = "<group>"; };
		24D4D93B29D5A5D100956BED /* Base */ = {isa = PBXFileReference; lastKnownFileType = file.storyboard; name = Base; path = Base.lproj/Main.storyboard; sourceTree = "<group>"; };
		24D4D93D29D5A5D200956BED /* Assets.xcassets */ = {isa = PBXFileReference; lastKnownFileType = folder.assetcatalog; path = Assets.xcassets; sourceTree = "<group>"; };
		24D4D94029D5A5D200956BED /* Base */ = {isa = PBXFileReference; lastKnownFileType = file.storyboard; name = Base; path = Base.lproj/LaunchScreen.storyboard; sourceTree = "<group>"; };
		24D4D94229D5A5D200956BED /* Info.plist */ = {isa = PBXFileReference; lastKnownFileType = text.plist.xml; path = Info.plist; sourceTree = "<group>"; };
		476319B66F1FA6266BBC37A8 /* Pods-EmbedInScrollView.debug.xcconfig */ = {isa = PBXFileReference; includeInIndex = 1; lastKnownFileType = text.xcconfig; name = "Pods-EmbedInScrollView.debug.xcconfig"; path = "Target Support Files/Pods-EmbedInScrollView/Pods-EmbedInScrollView.debug.xcconfig"; sourceTree = "<group>"; };
		CBBB03C4A187996DD6F0C087 /* Pods-EmbedInScrollView.release.xcconfig */ = {isa = PBXFileReference; includeInIndex = 1; lastKnownFileType = text.xcconfig; name = "Pods-EmbedInScrollView.release.xcconfig"; path = "Target Support Files/Pods-EmbedInScrollView/Pods-EmbedInScrollView.release.xcconfig"; sourceTree = "<group>"; };
		E4CA6CDE05394EBDD70EA3B4 /* Pods_EmbedInScrollView.framework */ = {isa = PBXFileReference; explicitFileType = wrapper.framework; includeInIndex = 0; path = Pods_EmbedInScrollView.framework; sourceTree = BUILT_PRODUCTS_DIR; };
/* End PBXFileReference section */

/* Begin PBXFrameworksBuildPhase section */
		24D4D92E29D5A5D100956BED /* Frameworks */ = {
			isa = PBXFrameworksBuildPhase;
			buildActionMask = 2147483647;
			files = (
				6B7354469A28EEB1365157A0 /* Pods_EmbedInScrollView.framework in Frameworks */,
			);
			runOnlyForDeploymentPostprocessing = 0;
		};
/* End PBXFrameworksBuildPhase section */

/* Begin PBXGroup section */
		24D4D92829D5A5D000956BED = {
			isa = PBXGroup;
			children = (
				24D4D93329D5A5D100956BED /* EmbedInScrollView */,
				24D4D93229D5A5D100956BED /* Products */,
				813328B8F018F1487CCF3081 /* Pods */,
				7322EF55F3EC9447B9D208A6 /* Frameworks */,
			);
			sourceTree = "<group>";
		};
		24D4D93229D5A5D100956BED /* Products */ = {
			isa = PBXGroup;
			children = (
				24D4D93129D5A5D100956BED /* EmbedInScrollView.app */,
			);
			name = Products;
			sourceTree = "<group>";
		};
		24D4D93329D5A5D100956BED /* EmbedInScrollView */ = {
			isa = PBXGroup;
			children = (
				24D4D93429D5A5D100956BED /* AppDelegate.swift */,
				24D4D93629D5A5D100956BED /* SceneDelegate.swift */,
				24D4D93829D5A5D100956BED /* ViewController.swift */,
				24D4D93A29D5A5D100956BED /* Main.storyboard */,
				24D4D93D29D5A5D200956BED /* Assets.xcassets */,
				24D4D93F29D5A5D200956BED /* LaunchScreen.storyboard */,
				24D4D94229D5A5D200956BED /* Info.plist */,
			);
			path = EmbedInScrollView;
			sourceTree = "<group>";
		};
		7322EF55F3EC9447B9D208A6 /* Frameworks */ = {
			isa = PBXGroup;
			children = (
				E4CA6CDE05394EBDD70EA3B4 /* Pods_EmbedInScrollView.framework */,
			);
			name = Frameworks;
			sourceTree = "<group>";
		};
		813328B8F018F1487CCF3081 /* Pods */ = {
			isa = PBXGroup;
			children = (
				476319B66F1FA6266BBC37A8 /* Pods-EmbedInScrollView.debug.xcconfig */,
				CBBB03C4A187996DD6F0C087 /* Pods-EmbedInScrollView.release.xcconfig */,
			);
			path = Pods;
			sourceTree = "<group>";
		};
/* End PBXGroup section */

/* Begin PBXNativeTarget section */
		24D4D93029D5A5D100956BED /* EmbedInScrollView */ = {
			isa = PBXNativeTarget;
			buildConfigurationList = 24D4D94529D5A5D200956BED /* Build configuration list for PBXNativeTarget "EmbedInScrollView" */;
			buildPhases = (
				CDFED71CD132AB702DA7488D /* [CP] Check Pods Manifest.lock */,
				292C9008C660005EA949515A /* [CP-User] Run Flutter Build my_flutter Script */,
				24D4D92D29D5A5D100956BED /* Sources */,
				24D4D92E29D5A5D100956BED /* Frameworks */,
				24D4D92F29D5A5D100956BED /* Resources */,
				2DFBB5D4B57599A3B7EBB5CE /* [CP-User] Embed Flutter Build my_flutter Script */,
			);
			buildRules = (
			);
			dependencies = (
			);
			name = EmbedInScrollView;
			productName = EmbedInScrollView;
			productReference = 24D4D93129D5A5D100956BED /* EmbedInScrollView.app */;
			productType = "com.apple.product-type.application";
		};
/* End PBXNativeTarget section */

/* Begin PBXProject section */
		24D4D92929D5A5D000956BED /* Project object */ = {
			isa = PBXProject;
			attributes = {
				BuildIndependentTargetsInParallel = 1;
				LastSwiftUpdateCheck = 1400;
				LastUpgradeCheck = 1400;
				TargetAttributes = {
					24D4D93029D5A5D100956BED = {
						CreatedOnToolsVersion = 14.0.1;
					};
				};
			};
			buildConfigurationList = 24D4D92C29D5A5D000956BED /* Build configuration list for PBXProject "EmbedInScrollView" */;
			compatibilityVersion = "Xcode 14.0";
			developmentRegion = en;
			hasScannedForEncodings = 0;
			knownRegions = (
				en,
				Base,
			);
			mainGroup = 24D4D92829D5A5D000956BED;
			productRefGroup = 24D4D93229D5A5D100956BED /* Products */;
			projectDirPath = "";
			projectRoot = "";
			targets = (
				24D4D93029D5A5D100956BED /* EmbedInScrollView */,
			);
		};
/* End PBXProject section */

/* Begin PBXResourcesBuildPhase section */
		24D4D92F29D5A5D100956BED /* Resources */ = {
			isa = PBXResourcesBuildPhase;
			buildActionMask = 2147483647;
			files = (
				24D4D94129D5A5D200956BED /* LaunchScreen.storyboard in Resources */,
				24D4D93E29D5A5D200956BED /* Assets.xcassets in Resources */,
				24D4D93C29D5A5D100956BED /* Main.storyboard in Resources */,
			);
			runOnlyForDeploymentPostprocessing = 0;
		};
/* End PBXResourcesBuildPhase section */

/* Begin PBXShellScriptBuildPhase section */
		292C9008C660005EA949515A /* [CP-User] Run Flutter Build my_flutter Script */ = {
			isa = PBXShellScriptBuildPhase;
			buildActionMask = 2147483647;
			files = (
			);
			name = "[CP-User] Run Flutter Build my_flutter Script";
			runOnlyForDeploymentPostprocessing = 0;
			shellPath = /bin/sh;
			shellScript = "set -e\nset -u\nsource \"${SRCROOT}/../my_flutter/.ios/Flutter/flutter_export_environment.sh\"\nexport VERBOSE_SCRIPT_LOGGING=1 && \"$FLUTTER_ROOT\"/packages/flutter_tools/bin/xcode_backend.sh build";
		};
		2DFBB5D4B57599A3B7EBB5CE /* [CP-User] Embed Flutter Build my_flutter Script */ = {
			isa = PBXShellScriptBuildPhase;
			buildActionMask = 2147483647;
			files = (
			);
			name = "[CP-User] Embed Flutter Build my_flutter Script";
			runOnlyForDeploymentPostprocessing = 0;
			shellPath = /bin/sh;
			shellScript = "set -e\nset -u\nsource \"${SRCROOT}/../my_flutter/.ios/Flutter/flutter_export_environment.sh\"\nexport VERBOSE_SCRIPT_LOGGING=1 && \"$FLUTTER_ROOT\"/packages/flutter_tools/bin/xcode_backend.sh embed_and_thin";
		};
		CDFED71CD132AB702DA7488D /* [CP] Check Pods Manifest.lock */ = {
			isa = PBXShellScriptBuildPhase;
			buildActionMask = 2147483647;
			files = (
			);
			inputFileListPaths = (
			);
			inputPaths = (
				"${PODS_PODFILE_DIR_PATH}/Podfile.lock",
				"${PODS_ROOT}/Manifest.lock",
			);
			name = "[CP] Check Pods Manifest.lock";
			outputFileListPaths = (
			);
			outputPaths = (
				"$(DERIVED_FILE_DIR)/Pods-EmbedInScrollView-checkManifestLockResult.txt",
			);
			runOnlyForDeploymentPostprocessing = 0;
			shellPath = /bin/sh;
			shellScript = "diff \"${PODS_PODFILE_DIR_PATH}/Podfile.lock\" \"${PODS_ROOT}/Manifest.lock\" > /dev/null\nif [ $? != 0 ] ; then\n    # print error to STDERR\n    echo \"error: The sandbox is not in sync with the Podfile.lock. Run 'pod install' or update your CocoaPods installation.\" >&2\n    exit 1\nfi\n# This output is used by Xcode 'outputs' to avoid re-running this script phase.\necho \"SUCCESS\" > \"${SCRIPT_OUTPUT_FILE_0}\"\n";
			showEnvVarsInLog = 0;
		};
/* End PBXShellScriptBuildPhase section */

/* Begin PBXSourcesBuildPhase section */
		24D4D92D29D5A5D100956BED /* Sources */ = {
			isa = PBXSourcesBuildPhase;
			buildActionMask = 2147483647;
			files = (
				24D4D93929D5A5D100956BED /* ViewController.swift in Sources */,
				24D4D93529D5A5D100956BED /* AppDelegate.swift in Sources */,
				24D4D93729D5A5D100956BED /* SceneDelegate.swift in Sources */,
			);
			runOnlyForDeploymentPostprocessing = 0;
		};
/* End PBXSourcesBuildPhase section */

/* Begin PBXVariantGroup section */
		24D4D93A29D5A5D100956BED /* Main.storyboard */ = {
			isa = PBXVariantGroup;
			children = (
				24D4D93B29D5A5D100956BED /* Base */,
			);
			name = Main.storyboard;
			sourceTree = "<group>";
		};
		24D4D93F29D5A5D200956BED /* LaunchScreen.storyboard */ = {
			isa = PBXVariantGroup;
			children = (
				24D4D94029D5A5D200956BED /* Base */,
			);
			name = LaunchScreen.storyboard;
			sourceTree = "<group>";
		};
/* End PBXVariantGroup section */

/* Begin XCBuildConfiguration section */
		24D4D94329D5A5D200956BED /* Debug */ = {
			isa = XCBuildConfiguration;
			buildSettings = {
				ALWAYS_SEARCH_USER_PATHS = NO;
				CLANG_ANALYZER_NONNULL = YES;
				CLANG_ANALYZER_NUMBER_OBJECT_CONVERSION = YES_AGGRESSIVE;
				CLANG_CXX_LANGUAGE_STANDARD = "gnu++20";
				CLANG_ENABLE_MODULES = YES;
				CLANG_ENABLE_OBJC_ARC = YES;
				CLANG_ENABLE_OBJC_WEAK = YES;
				CLANG_WARN_BLOCK_CAPTURE_AUTORELEASING = YES;
				CLANG_WARN_BOOL_CONVERSION = YES;
				CLANG_WARN_COMMA = YES;
				CLANG_WARN_CONSTANT_CONVERSION = YES;
				CLANG_WARN_DEPRECATED_OBJC_IMPLEMENTATIONS = YES;
				CLANG_WARN_DIRECT_OBJC_ISA_USAGE = YES_ERROR;
				CLANG_WARN_DOCUMENTATION_COMMENTS = YES;
				CLANG_WARN_EMPTY_BODY = YES;
				CLANG_WARN_ENUM_CONVERSION = YES;
				CLANG_WARN_INFINITE_RECURSION = YES;
				CLANG_WARN_INT_CONVERSION = YES;
				CLANG_WARN_NON_LITERAL_NULL_CONVERSION = YES;
				CLANG_WARN_OBJC_IMPLICIT_RETAIN_SELF = YES;
				CLANG_WARN_OBJC_LITERAL_CONVERSION = YES;
				CLANG_WARN_OBJC_ROOT_CLASS = YES_ERROR;
				CLANG_WARN_QUOTED_INCLUDE_IN_FRAMEWORK_HEADER = YES;
				CLANG_WARN_RANGE_LOOP_ANALYSIS = YES;
				CLANG_WARN_STRICT_PROTOTYPES = YES;
				CLANG_WARN_SUSPICIOUS_MOVE = YES;
				CLANG_WARN_UNGUARDED_AVAILABILITY = YES_AGGRESSIVE;
				CLANG_WARN_UNREACHABLE_CODE = YES;
				CLANG_WARN__DUPLICATE_METHOD_MATCH = YES;
				COPY_PHASE_STRIP = NO;
				DEBUG_INFORMATION_FORMAT = dwarf;
				ENABLE_STRICT_OBJC_MSGSEND = YES;
				ENABLE_TESTABILITY = YES;
				GCC_C_LANGUAGE_STANDARD = gnu11;
				GCC_DYNAMIC_NO_PIC = NO;
				GCC_NO_COMMON_BLOCKS = YES;
				GCC_OPTIMIZATION_LEVEL = 0;
				GCC_PREPROCESSOR_DEFINITIONS = (
					"DEBUG=1",
					"$(inherited)",
				);
				GCC_WARN_64_TO_32_BIT_CONVERSION = YES;
				GCC_WARN_ABOUT_RETURN_TYPE = YES_ERROR;
				GCC_WARN_UNDECLARED_SELECTOR = YES;
				GCC_WARN_UNINITIALIZED_AUTOS = YES_AGGRESSIVE;
				GCC_WARN_UNUSED_FUNCTION = YES;
				GCC_WARN_UNUSED_VARIABLE = YES;
				IPHONEOS_DEPLOYMENT_TARGET = 16.0;
				MTL_ENABLE_DEBUG_INFO = INCLUDE_SOURCE;
				MTL_FAST_MATH = YES;
				ONLY_ACTIVE_ARCH = YES;
				SDKROOT = iphoneos;
				SWIFT_ACTIVE_COMPILATION_CONDITIONS = DEBUG;
				SWIFT_OPTIMIZATION_LEVEL = "-Onone";
			};
			name = Debug;
		};
		24D4D94429D5A5D200956BED /* Release */ = {
			isa = XCBuildConfiguration;
			buildSettings = {
				ALWAYS_SEARCH_USER_PATHS = NO;
				CLANG_ANALYZER_NONNULL = YES;
				CLANG_ANALYZER_NUMBER_OBJECT_CONVERSION = YES_AGGRESSIVE;
				CLANG_CXX_LANGUAGE_STANDARD = "gnu++20";
				CLANG_ENABLE_MODULES = YES;
				CLANG_ENABLE_OBJC_ARC = YES;
				CLANG_ENABLE_OBJC_WEAK = YES;
				CLANG_WARN_BLOCK_CAPTURE_AUTORELEASING = YES;
				CLANG_WARN_BOOL_CONVERSION = YES;
				CLANG_WARN_COMMA = YES;
				CLANG_WARN_CONSTANT_CONVERSION = YES;
				CLANG_WARN_DEPRECATED_OBJC_IMPLEMENTATIONS = YES;
				CLANG_WARN_DIRECT_OBJC_ISA_USAGE = YES_ERROR;
				CLANG_WARN_DOCUMENTATION_COMMENTS = YES;
				CLANG_WARN_EMPTY_BODY = YES;
				CLANG_WARN_ENUM_CONVERSION = YES;
				CLANG_WARN_INFINITE_RECURSION = YES;
				CLANG_WARN_INT_CONVERSION = YES;
				CLANG_WARN_NON_LITERAL_NULL_CONVERSION = YES;
				CLANG_WARN_OBJC_IMPLICIT_RETAIN_SELF = YES;
				CLANG_WARN_OBJC_LITERAL_CONVERSION = YES;
				CLANG_WARN_OBJC_ROOT_CLASS = YES_ERROR;
				CLANG_WARN_QUOTED_INCLUDE_IN_FRAMEWORK_HEADER = YES;
				CLANG_WARN_RANGE_LOOP_ANALYSIS = YES;
				CLANG_WARN_STRICT_PROTOTYPES = YES;
				CLANG_WARN_SUSPICIOUS_MOVE = YES;
				CLANG_WARN_UNGUARDED_AVAILABILITY = YES_AGGRESSIVE;
				CLANG_WARN_UNREACHABLE_CODE = YES;
				CLANG_WARN__DUPLICATE_METHOD_MATCH = YES;
				COPY_PHASE_STRIP = NO;
				DEBUG_INFORMATION_FORMAT = "dwarf-with-dsym";
				ENABLE_NS_ASSERTIONS = NO;
				ENABLE_STRICT_OBJC_MSGSEND = YES;
				GCC_C_LANGUAGE_STANDARD = gnu11;
				GCC_NO_COMMON_BLOCKS = YES;
				GCC_WARN_64_TO_32_BIT_CONVERSION = YES;
				GCC_WARN_ABOUT_RETURN_TYPE = YES_ERROR;
				GCC_WARN_UNDECLARED_SELECTOR = YES;
				GCC_WARN_UNINITIALIZED_AUTOS = YES_AGGRESSIVE;
				GCC_WARN_UNUSED_FUNCTION = YES;
				GCC_WARN_UNUSED_VARIABLE = YES;
				IPHONEOS_DEPLOYMENT_TARGET = 16.0;
				MTL_ENABLE_DEBUG_INFO = NO;
				MTL_FAST_MATH = YES;
				SDKROOT = iphoneos;
				SWIFT_COMPILATION_MODE = wholemodule;
				SWIFT_OPTIMIZATION_LEVEL = "-O";
				VALIDATE_PRODUCT = YES;
			};
			name = Release;
		};
		24D4D94629D5A5D200956BED /* Debug */ = {
			isa = XCBuildConfiguration;
			baseConfigurationReference = 476319B66F1FA6266BBC37A8 /* Pods-EmbedInScrollView.debug.xcconfig */;
			buildSettings = {
				ASSETCATALOG_COMPILER_APPICON_NAME = AppIcon;
				ASSETCATALOG_COMPILER_GLOBAL_ACCENT_COLOR_NAME = AccentColor;
				CODE_SIGN_STYLE = Automatic;
				CURRENT_PROJECT_VERSION = 1;
				DEVELOPMENT_TEAM = JS67LUXJ68;
				GENERATE_INFOPLIST_FILE = YES;
				INFOPLIST_FILE = EmbedInScrollView/Info.plist;
				INFOPLIST_KEY_UIApplicationSupportsIndirectInputEvents = YES;
				INFOPLIST_KEY_UILaunchStoryboardName = LaunchScreen;
				INFOPLIST_KEY_UIMainStoryboardFile = Main;
				INFOPLIST_KEY_UISupportedInterfaceOrientations_iPad = "UIInterfaceOrientationPortrait UIInterfaceOrientationPortraitUpsideDown UIInterfaceOrientationLandscapeLeft UIInterfaceOrientationLandscapeRight";
				INFOPLIST_KEY_UISupportedInterfaceOrientations_iPhone = "UIInterfaceOrientationPortrait UIInterfaceOrientationLandscapeLeft UIInterfaceOrientationLandscapeRight";
				IPHONEOS_DEPLOYMENT_TARGET = 14.0;
				LD_RUNPATH_SEARCH_PATHS = (
					"$(inherited)",
					"@executable_path/Frameworks",
				);
				MARKETING_VERSION = 1.0;
				PRODUCT_BUNDLE_IDENTIFIER = com.example.EmbedInScrollView.EmbedInScrollView;
				PRODUCT_NAME = "$(TARGET_NAME)";
				SWIFT_EMIT_LOC_STRINGS = YES;
				SWIFT_VERSION = 5.0;
				TARGETED_DEVICE_FAMILY = "1,2";
			};
			name = Debug;
		};
		24D4D94729D5A5D200956BED /* Release */ = {
			isa = XCBuildConfiguration;
			baseConfigurationReference = CBBB03C4A187996DD6F0C087 /* Pods-EmbedInScrollView.release.xcconfig */;
			buildSettings = {
				ASSETCATALOG_COMPILER_APPICON_NAME = AppIcon;
				ASSETCATALOG_COMPILER_GLOBAL_ACCENT_COLOR_NAME = AccentColor;
				CODE_SIGN_STYLE = Automatic;
				CURRENT_PROJECT_VERSION = 1;
				DEVELOPMENT_TEAM = JS67LUXJ68;
				GENERATE_INFOPLIST_FILE = YES;
				INFOPLIST_FILE = EmbedInScrollView/Info.plist;
				INFOPLIST_KEY_UIApplicationSupportsIndirectInputEvents = YES;
				INFOPLIST_KEY_UILaunchStoryboardName = LaunchScreen;
				INFOPLIST_KEY_UIMainStoryboardFile = Main;
				INFOPLIST_KEY_UISupportedInterfaceOrientations_iPad = "UIInterfaceOrientationPortrait UIInterfaceOrientationPortraitUpsideDown UIInterfaceOrientationLandscapeLeft UIInterfaceOrientationLandscapeRight";
				INFOPLIST_KEY_UISupportedInterfaceOrientations_iPhone = "UIInterfaceOrientationPortrait UIInterfaceOrientationLandscapeLeft UIInterfaceOrientationLandscapeRight";
				IPHONEOS_DEPLOYMENT_TARGET = 14.0;
				LD_RUNPATH_SEARCH_PATHS = (
					"$(inherited)",
					"@executable_path/Frameworks",
				);
				MARKETING_VERSION = 1.0;
				PRODUCT_BUNDLE_IDENTIFIER = com.example.EmbedInScrollView.EmbedInScrollView;
				PRODUCT_NAME = "$(TARGET_NAME)";
				SWIFT_EMIT_LOC_STRINGS = YES;
				SWIFT_VERSION = 5.0;
				TARGETED_DEVICE_FAMILY = "1,2";
			};
			name = Release;
		};
/* End XCBuildConfiguration section */

/* Begin XCConfigurationList section */
		24D4D92C29D5A5D000956BED /* Build configuration list for PBXProject "EmbedInScrollView" */ = {
			isa = XCConfigurationList;
			buildConfigurations = (
				24D4D94329D5A5D200956BED /* Debug */,
				24D4D94429D5A5D200956BED /* Release */,
			);
			defaultConfigurationIsVisible = 0;
			defaultConfigurationName = Release;
		};
		24D4D94529D5A5D200956BED /* Build configuration list for PBXNativeTarget "EmbedInScrollView" */ = {
			isa = XCConfigurationList;
			buildConfigurations = (
				24D4D94629D5A5D200956BED /* Debug */,
				24D4D94729D5A5D200956BED /* Release */,
			);
			defaultConfigurationIsVisible = 0;
			defaultConfigurationName = Release;
		};
/* End XCConfigurationList section */
	};
	rootObject = 24D4D92929D5A5D000956BED /* Project object */;
}
